
Microsoft Visual Studio Solution File, Format Version 12.00
# Visual Studio Version 16
VisualStudioVersion = 16.0.31025.194
MinimumVisualStudioVersion = 10.0.40219.1
Project("{9A19103F-16F7-4668-BE54-9A1E7A4F7556}") = "DLLTest", "DLLTest\DLLTest.csproj", "{D397A7E0-B1F7-49D4-AA32-64C63E9D93A9}"
EndProject
Global
	GlobalSection(SolutionConfigurationPlatforms) = preSolution
		Debug|Any CPU = Debug|Any CPU
		Debug|x64 = Debug|x64
		Release|Any CPU = Release|Any CPU
		Release|x64 = Release|x64
	EndGlobalSection
	GlobalSection(ProjectConfigurationPlatforms) = postSolution
		{D397A7E0-B1F7-49D4-AA32-64C63E9D93A9}.Debug|Any CPU.ActiveCfg = Debug|Any CPU
		{D397A7E0-B1F7-49D4-AA32-64C63E9D93A9}.Debug|Any CPU.Build.0 = Debug|Any CPU
		{D397A7E0-B1F7-49D4-AA32-64C63E9D93A9}.Debug|x64.ActiveCfg = Debug|x64
		{D397A7E0-B1F7-49D4-AA32-64C63E9D93A9}.Debug|x64.Build.0 = Debug|x64
		{D397A7E0-B1F7-49D4-AA32-64C63E9D93A9}.Release|Any CPU.ActiveCfg = Release|Any CPU
		{D397A7E0-B1F7-49D4-AA32-64C63E9D93A9}.Release|Any CPU.Build.0 = Release|Any CPU
		{D397A7E0-B1F7-49D4-AA32-64C63E9D93A9}.Release|x64.ActiveCfg = Release|x64
		{D397A7E0-B1F7-49D4-AA32-64C63E9D93A9}.Release|x64.Build.0 = Release|x64
	EndGlobalSection
	GlobalSection(SolutionProperties) = preSolution
		HideSolutionNode = FALSE
	EndGlobalSection
	GlobalSection(ExtensibilityGlobals) = postSolution
		SolutionGuid = {B9E68385-C15C-4A72-BE37-F4B82F194177}
	EndGlobalSection
EndGlobal
